{
  "name": "webmenu",
  "version": "0.7.0",
  "dependencies": {
    "clim": {
      "version": "1.0.0",
      "from": "https://registry.npmjs.org/clim/-/clim-1.0.0.tgz",
      "resolved": "https://registry.npmjs.org/clim/-/clim-1.0.0.tgz"
    },
    "coffee-script": {
      "version": "1.7.1",
      "from": "coffee-script@1.7.1",
      "resolved": "https://registry.npmjs.org/coffee-script/-/coffee-script-1.7.1.tgz",
      "dependencies": {
        "mkdirp": {
          "version": "0.3.5",
          "from": "https://registry.npmjs.org/mkdirp/-/mkdirp-0.3.5.tgz",
          "resolved": "https://registry.npmjs.org/mkdirp/-/mkdirp-0.3.5.tgz"
        }
      }
    },
    "dbus-native": {
      "version": "0.0.15",
      "from": "https://registry.npmjs.org/dbus-native/-/dbus-native-0.0.15.tgz",
      "resolved": "https://registry.npmjs.org/dbus-native/-/dbus-native-0.0.15.tgz",
      "dependencies": {
        "abstractsocket": {
          "version": "0.0.2",
          "from": "https://registry.npmjs.org/abstractsocket/-/abstractsocket-0.0.2.tgz",
          "resolved": "https://registry.npmjs.org/abstractsocket/-/abstractsocket-0.0.2.tgz",
          "dependencies": {
            "exec_stream": {
              "version": "0.0.3",
              "from": "https://registry.npmjs.org/exec_stream/-/exec_stream-0.0.3.tgz",
              "resolved": "https://registry.npmjs.org/exec_stream/-/exec_stream-0.0.3.tgz"
            }
          }
        },
        "binary": {
          "version": "0.3.0",
          "from": "https://registry.npmjs.org/binary/-/binary-0.3.0.tgz",
          "resolved": "https://registry.npmjs.org/binary/-/binary-0.3.0.tgz",
          "dependencies": {
            "chainsaw": {
              "version": "0.1.0",
              "from": "https://registry.npmjs.org/chainsaw/-/chainsaw-0.1.0.tgz",
              "resolved": "https://registry.npmjs.org/chainsaw/-/chainsaw-0.1.0.tgz",
              "dependencies": {
                "traverse": {
                  "version": "0.3.9",
                  "from": "https://registry.npmjs.org/traverse/-/traverse-0.3.9.tgz",
                  "resolved": "https://registry.npmjs.org/traverse/-/traverse-0.3.9.tgz"
                }
              }
            },
            "buffers": {
              "version": "0.1.1",
              "from": "https://registry.npmjs.org/buffers/-/buffers-0.1.1.tgz",
              "resolved": "https://registry.npmjs.org/buffers/-/buffers-0.1.1.tgz"
            }
          }
        },
        "byline": {
          "version": "2.0.3",
          "from": "https://registry.npmjs.org/byline/-/byline-2.0.3.tgz",
          "resolved": "https://registry.npmjs.org/byline/-/byline-2.0.3.tgz"
        },
        "optimist": {
          "version": "0.3.7",
          "from": "https://registry.npmjs.org/optimist/-/optimist-0.3.7.tgz",
          "resolved": "https://registry.npmjs.org/optimist/-/optimist-0.3.7.tgz",
          "dependencies": {
            "wordwrap": {
              "version": "0.0.2",
              "from": "https://registry.npmjs.org/wordwrap/-/wordwrap-0.0.2.tgz",
              "resolved": "https://registry.npmjs.org/wordwrap/-/wordwrap-0.0.2.tgz"
            }
          }
        },
        "put": {
          "version": "0.0.6",
          "from": "https://registry.npmjs.org/put/-/put-0.0.6.tgz",
          "resolved": "https://registry.npmjs.org/put/-/put-0.0.6.tgz"
        },
        "xml2js": {
          "version": "0.1.14",
          "from": "https://registry.npmjs.org/xml2js/-/xml2js-0.1.14.tgz",
          "resolved": "https://registry.npmjs.org/xml2js/-/xml2js-0.1.14.tgz",
          "dependencies": {
            "sax": {
              "version": "0.6.1",
              "from": "https://registry.npmjs.org/sax/-/sax-0.6.1.tgz",
              "resolved": "https://registry.npmjs.org/sax/-/sax-0.6.1.tgz"
            }
          }
        }
      }
    },
    "execSync": {
      "version": "1.0.2",
      "from": "https://registry.npmjs.org/execSync/-/execSync-1.0.2.tgz",
      "resolved": "https://registry.npmjs.org/execSync/-/execSync-1.0.2.tgz",
      "dependencies": {
        "temp": {
          "version": "0.5.1",
          "from": "temp@>=0.5.1 <0.6.0",
          "resolved": "https://registry.npmjs.org/temp/-/temp-0.5.1.tgz",
          "dependencies": {
            "rimraf": {
              "version": "2.1.4",
              "from": "rimraf@>=2.1.4 <2.2.0",
              "resolved": "https://registry.npmjs.org/rimraf/-/rimraf-2.1.4.tgz",
              "dependencies": {
                "graceful-fs": {
                  "version": "1.2.3",
                  "from": "graceful-fs@>=1.0.0 <2.0.0",
                  "resolved": "https://registry.npmjs.org/graceful-fs/-/graceful-fs-1.2.3.tgz"
                }
              }
            }
          }
        }
      }
    },
    "ffi": {
      "version": "1.2.7",
      "from": "https://registry.npmjs.org/ffi/-/ffi-1.2.7.tgz",
      "resolved": "https://registry.npmjs.org/ffi/-/ffi-1.2.7.tgz",
      "dependencies": {
        "bindings": {
          "version": "1.2.1",
          "from": "https://registry.npmjs.org/bindings/-/bindings-1.2.1.tgz",
          "resolved": "https://registry.npmjs.org/bindings/-/bindings-1.2.1.tgz"
        },
        "debug": {
          "version": "2.1.0",
          "from": "debug@2.1.0",
          "resolved": "https://registry.npmjs.org/debug/-/debug-2.1.0.tgz",
          "dependencies": {
            "ms": {
              "version": "0.6.2",
              "from": "https://registry.npmjs.org/ms/-/ms-0.6.2.tgz",
              "resolved": "https://registry.npmjs.org/ms/-/ms-0.6.2.tgz"
            }
          }
        },
        "ref": {
          "version": "0.3.2",
          "from": "https://registry.npmjs.org/ref/-/ref-0.3.2.tgz",
          "resolved": "https://registry.npmjs.org/ref/-/ref-0.3.2.tgz",
          "dependencies": {
            "debug": {
              "version": "1.0.4",
              "from": "debug@1.0.4",
              "resolved": "https://registry.npmjs.org/debug/-/debug-1.0.4.tgz",
              "dependencies": {
                "ms": {
                  "version": "0.6.2",
                  "from": "https://registry.npmjs.org/ms/-/ms-0.6.2.tgz",
                  "resolved": "https://registry.npmjs.org/ms/-/ms-0.6.2.tgz"
                }
              }
            },
            "nan": {
              "version": "1.2.0",
              "from": "https://registry.npmjs.org/nan/-/nan-1.2.0.tgz",
              "resolved": "https://registry.npmjs.org/nan/-/nan-1.2.0.tgz"
            }
          }
        },
        "ref-struct": {
          "version": "1.0.0",
          "from": "https://registry.npmjs.org/ref-struct/-/ref-struct-1.0.0.tgz",
          "resolved": "https://registry.npmjs.org/ref-struct/-/ref-struct-1.0.0.tgz"
        }
      }
    },
    "fluent-logger": {
      "version": "0.2.6",
      "from": "https://registry.npmjs.org/fluent-logger/-/fluent-logger-0.2.6.tgz",
      "resolved": "https://registry.npmjs.org/fluent-logger/-/fluent-logger-0.2.6.tgz",
      "dependencies": {
        "msgpack": {
          "version": "0.2.4",
          "from": "https://registry.npmjs.org/msgpack/-/msgpack-0.2.4.tgz",
          "resolved": "https://registry.npmjs.org/msgpack/-/msgpack-0.2.4.tgz",
          "dependencies": {
            "nan": {
              "version": "1.0.0",
              "from": "https://registry.npmjs.org/nan/-/nan-1.0.0.tgz",
              "resolved": "https://registry.npmjs.org/nan/-/nan-1.0.0.tgz"
            }
          }
        }
      }
    },
    "ini": {
      "version": "1.2.1",
      "from": "https://registry.npmjs.org/ini/-/ini-1.2.1.tgz",
      "resolved": "https://registry.npmjs.org/ini/-/ini-1.2.1.tgz"
    },
    "json-stable-stringify": {
      "version": "1.0.0",
      "from": "https://registry.npmjs.org/json-stable-stringify/-/json-stable-stringify-1.0.0.tgz",
      "resolved": "https://registry.npmjs.org/json-stable-stringify/-/json-stable-stringify-1.0.0.tgz",
      "dependencies": {
        "jsonify": {
          "version": "0.0.0",
          "from": "jsonify@0.0.0",
          "resolved": "https://registry.npmjs.org/jsonify/-/jsonify-0.0.0.tgz"
        }
      }
    },
    "mime": {
      "version": "1.2.11",
      "from": "https://registry.npmjs.org/mime/-/mime-1.2.11.tgz",
      "resolved": "https://registry.npmjs.org/mime/-/mime-1.2.11.tgz"
    },
    "mkdirp": {
      "version": "0.5.0",
      "from": "mkdirp@0.5.0",
      "resolved": "https://registry.npmjs.org/mkdirp/-/mkdirp-0.5.0.tgz",
      "dependencies": {
        "minimist": {
          "version": "0.0.8",
          "from": "https://registry.npmjs.org/minimist/-/minimist-0.0.8.tgz",
          "resolved": "https://registry.npmjs.org/minimist/-/minimist-0.0.8.tgz"
        }
      }
    },
    "npm": {
      "version": "2.1.10",
      "from": "https://registry.npmjs.org/npm/-/npm-2.1.10.tgz",
      "resolved": "https://registry.npmjs.org/npm/-/npm-2.1.10.tgz",
      "dependencies": {
        "abbrev": {
          "version": "1.0.5",
          "from": "abbrev@latest",
          "resolved": "https://registry.npmjs.org/abbrev/-/abbrev-1.0.5.tgz"
        },
        "ansi": {
          "version": "0.3.0",
          "from": "ansi@latest",
          "resolved": "https://registry.npmjs.org/ansi/-/ansi-0.3.0.tgz"
        },
        "ansicolors": {
          "version": "0.3.2",
          "from": "ansicolors@latest"
        },
        "ansistyles": {
          "version": "0.1.3",
          "from": "ansistyles@0.1.3",
          "resolved": "https://registry.npmjs.org/ansistyles/-/ansistyles-0.1.3.tgz"
        },
        "archy": {
          "version": "1.0.0",
          "from": "archy@>=1.0.0 <2.0.0",
          "resolved": "https://registry.npmjs.org/archy/-/archy-1.0.0.tgz"
        },
        "async-some": {
          "version": "1.0.1",
          "from": "async-some@>=1.0.1-0 <2.0.0-0",
          "resolved": "https://registry.npmjs.org/async-some/-/async-some-1.0.1.tgz"
        },
        "block-stream": {
          "version": "0.0.7",
          "from": "block-stream@latest"
        },
        "char-spinner": {
          "version": "1.0.1",
          "from": "char-spinner@latest",
          "resolved": "https://registry.npmjs.org/char-spinner/-/char-spinner-1.0.1.tgz"
        },
        "child-process-close": {
          "version": "0.1.1",
          "from": "child-process-close@",
          "resolved": "https://registry.npmjs.org/child-process-close/-/child-process-close-0.1.1.tgz"
        },
        "chmodr": {
          "version": "0.1.0",
          "from": "chmodr@latest"
        },
        "chownr": {
          "version": "0.0.1",
          "from": "../chownr"
        },
        "cmd-shim": {
          "version": "2.0.1",
          "from": "cmd-shim@>=2.0.1-0 <3.0.0-0",
          "resolved": "https://registry.npmjs.org/cmd-shim/-/cmd-shim-2.0.1.tgz"
        },
        "columnify": {
          "version": "1.2.1",
          "from": "columnify@>=1.2.1-0 <2.0.0-0",
          "resolved": "https://registry.npmjs.org/columnify/-/columnify-1.2.1.tgz",
          "dependencies": {
            "strip-ansi": {
              "version": "1.0.0",
              "from": "strip-ansi@>=1.0.0-0 <2.0.0-0",
              "resolved": "https://registry.npmjs.org/strip-ansi/-/strip-ansi-1.0.0.tgz",
              "dependencies": {
                "ansi-regex": {
                  "version": "0.2.1",
                  "from": "ansi-regex@0.2.1",
                  "resolved": "https://registry.npmjs.org/ansi-regex/-/ansi-regex-0.2.1.tgz"
                }
              }
            },
            "wcwidth": {
              "version": "1.0.0",
              "from": "wcwidth@>=1.0.0-0 <2.0.0-0",
              "resolved": "https://registry.npmjs.org/wcwidth/-/wcwidth-1.0.0.tgz",
              "dependencies": {
                "defaults": {
                  "version": "1.0.0",
                  "from": "defaults@>=1.0.0-0 <2.0.0-0",
                  "resolved": "https://registry.npmjs.org/defaults/-/defaults-1.0.0.tgz",
                  "dependencies": {
                    "clone": {
                      "version": "0.1.18",
                      "from": "clone@>=0.1.5-0 <0.2.0-0",
                      "resolved": "https://registry.npmjs.org/clone/-/clone-0.1.18.tgz"
                    }
                  }
                }
              }
            }
          }
        },
        "config-chain": {
          "version": "1.1.8",
          "from": "config-chain@^1.1.8",
          "resolved": "https://registry.npmjs.org/config-chain/-/config-chain-1.1.8.tgz",
          "dependencies": {
            "proto-list": {
              "version": "1.2.3",
              "from": "proto-list@~1.2.1",
              "resolved": "https://registry.npmjs.org/proto-list/-/proto-list-1.2.3.tgz"
            }
          }
        },
        "dezalgo": {
          "version": "1.0.1",
          "from": "dezalgo@latest",
          "resolved": "https://registry.npmjs.org/dezalgo/-/dezalgo-1.0.1.tgz",
          "dependencies": {
            "asap": {
              "version": "1.0.0",
              "from": "asap@>=1.0.0 <2.0.0",
              "resolved": "https://registry.npmjs.org/asap/-/asap-1.0.0.tgz"
            }
          }
        },
        "editor": {
          "version": "0.1.0",
          "from": "editor@latest",
          "resolved": "https://registry.npmjs.org/editor/-/editor-0.1.0.tgz"
        },
        "fs-vacuum": {
          "version": "1.2.2",
          "from": "fs-vacuum@>=1.2.2 <1.3.0"
        },
        "fs-write-stream-atomic": {
          "version": "1.0.2",
          "from": "fs-write-stream-atomic@>=1.0.2 <1.1.0",
          "resolved": "https://registry.npmjs.org/fs-write-stream-atomic/-/fs-write-stream-atomic-1.0.2.tgz"
        },
        "fstream": {
          "version": "1.0.2",
          "from": "fstream@1.0.2",
          "resolved": "https://registry.npmjs.org/fstream/-/fstream-1.0.2.tgz"
        },
        "fstream-npm": {
          "version": "1.0.1",
          "from": "fstream-npm@>=1.0.1 <1.1.0",
          "resolved": "https://registry.npmjs.org/fstream-npm/-/fstream-npm-1.0.1.tgz",
          "dependencies": {
            "fstream-ignore": {
              "version": "1.0.1",
              "from": "fstream-ignore@>=1.0.0 <2.0.0",
              "resolved": "https://registry.npmjs.org/fstream-ignore/-/fstream-ignore-1.0.1.tgz"
            }
          }
        },
        "github-url-from-git": {
          "version": "1.4.0",
          "from": "github-url-from-git@>=1.4.0-0 <2.0.0-0",
          "resolved": "https://registry.npmjs.org/github-url-from-git/-/github-url-from-git-1.4.0.tgz"
        },
        "github-url-from-username-repo": {
          "version": "1.0.2",
          "from": "github-url-from-username-repo@>=1.0.2-0 <2.0.0-0"
        },
        "glob": {
          "version": "4.2.1",
          "from": "glob@>=4.2.1 <4.3.0",
          "resolved": "https://registry.npmjs.org/glob/-/glob-4.2.1.tgz"
        },
        "graceful-fs": {
          "version": "3.0.4",
          "from": "graceful-fs@>=3.0.4 <4.0.0",
          "resolved": "https://registry.npmjs.org/graceful-fs/-/graceful-fs-3.0.4.tgz"
        },
        "inflight": {
          "version": "1.0.4",
          "from": "inflight@>=1.0.4 <1.1.0"
        },
        "inherits": {
          "version": "2.0.1",
          "from": "inherits@latest",
          "resolved": "https://registry.npmjs.org/inherits/-/inherits-2.0.1.tgz"
        },
        "ini": {
          "version": "1.3.0",
          "from": "ini@>=1.3.0 <2.0.0",
          "resolved": "https://registry.npmjs.org/ini/-/ini-1.3.0.tgz"
        },
        "init-package-json": {
          "version": "1.1.2",
          "from": "init-package-json@>=1.1.2 <1.2.0",
          "dependencies": {
            "promzard": {
              "version": "0.2.2",
              "from": "promzard@>=0.2.0 <0.3.0",
              "resolved": "https://registry.npmjs.org/promzard/-/promzard-0.2.2.tgz"
            }
          }
        },
        "lockfile": {
          "version": "1.0.0",
          "from": "lockfile@1.0.0",
          "resolved": "https://registry.npmjs.org/lockfile/-/lockfile-1.0.0.tgz"
        },
        "lru-cache": {
          "version": "2.5.0",
          "from": "lru-cache@latest"
        },
        "minimatch": {
          "version": "1.0.0",
          "from": "minimatch@latest",
          "resolved": "https://registry.npmjs.org/minimatch/-/minimatch-1.0.0.tgz",
          "dependencies": {
            "sigmund": {
              "version": "1.0.0",
              "from": "sigmund@~1.0.0",
              "resolved": "https://registry.npmjs.org/sigmund/-/sigmund-1.0.0.tgz"
            }
          }
        },
        "mkdirp": {
          "version": "0.5.0",
          "from": "mkdirp@latest",
          "resolved": "https://registry.npmjs.org/mkdirp/-/mkdirp-0.5.0.tgz",
          "dependencies": {
            "minimist": {
              "version": "0.0.8",
              "from": "minimist@0.0.8",
              "resolved": "https://registry.npmjs.org/minimist/-/minimist-0.0.8.tgz"
            }
          }
        },
        "node-gyp": {
          "version": "1.0.2",
          "from": "node-gyp@>=1.0.1-0 <1.1.0-0",
          "resolved": "https://registry.npmjs.org/node-gyp/-/node-gyp-1.0.2.tgz"
        },
        "nopt": {
          "version": "3.0.1",
          "from": "nopt@latest"
        },
        "normalize-package-data": {
          "version": "1.0.3",
          "from": "normalize-package-data@>=1.0.3 <1.1.0",
          "resolved": "https://registry.npmjs.org/normalize-package-data/-/normalize-package-data-1.0.3.tgz"
        },
        "npm-cache-filename": {
          "version": "1.0.1",
          "from": "npm-cache-filename@latest",
          "resolved": "https://registry.npmjs.org/npm-cache-filename/-/npm-cache-filename-1.0.1.tgz"
        },
        "npm-install-checks": {
          "version": "1.0.4",
          "from": "npm-install-checks@>=1.0.2-0 <1.1.0-0",
          "resolved": "https://registry.npmjs.org/npm-install-checks/-/npm-install-checks-1.0.4.tgz"
        },
        "npm-package-arg": {
          "version": "2.1.3",
          "from": "npm-package-arg@~2.1.3"
        },
        "npm-registry-client": {
          "version": "4.0.3",
          "from": "npm-registry-client@>=4.0.3 <4.1.0",
          "dependencies": {
            "concat-stream": {
              "version": "1.4.6",
              "from": "concat-stream@>=1.4.6 <2.0.0",
              "resolved": "https://registry.npmjs.org/concat-stream/-/concat-stream-1.4.6.tgz",
              "dependencies": {
                "typedarray": {
                  "version": "0.0.6",
                  "from": "typedarray@>=0.0.5 <0.1.0",
                  "resolved": "https://registry.npmjs.org/typedarray/-/typedarray-0.0.6.tgz"
                },
                "readable-stream": {
                  "version": "1.1.13",
                  "from": "readable-stream@>=1.1.9 <1.2.0",
                  "resolved": "https://registry.npmjs.org/readable-stream/-/readable-stream-1.1.13.tgz",
                  "dependencies": {
                    "core-util-is": {
                      "version": "1.0.1",
                      "from": "core-util-is@>=1.0.0 <1.1.0",
                      "resolved": "https://registry.npmjs.org/core-util-is/-/core-util-is-1.0.1.tgz"
                    },
                    "isarray": {
                      "version": "0.0.1",
                      "from": "isarray@0.0.1",
                      "resolved": "https://registry.npmjs.org/isarray/-/isarray-0.0.1.tgz"
                    },
                    "string_decoder": {
                      "version": "0.10.31",
                      "from": "string_decoder@>=0.10.0 <0.11.0",
                      "resolved": "https://registry.npmjs.org/string_decoder/-/string_decoder-0.10.31.tgz"
                    }
                  }
                }
              }
            }
          }
        },
        "npm-user-validate": {
          "version": "0.1.1",
          "from": "npm-user-validate@>=0.1.1 <0.2.0",
          "resolved": "https://registry.npmjs.org/npm-user-validate/-/npm-user-validate-0.1.1.tgz"
        },
        "npmlog": {
          "version": "0.1.1",
          "from": "npmlog@latest"
        },
        "once": {
          "version": "1.3.1",
          "from": "once@>=1.3.1 <2.0.0",
          "resolved": "https://registry.npmjs.org/once/-/once-1.3.1.tgz"
        },
        "opener": {
          "version": "1.4.0",
          "from": "opener@>=1.4.0 <1.5.0",
          "resolved": "https://registry.npmjs.org/opener/-/opener-1.4.0.tgz"
        },
        "osenv": {
          "version": "0.1.0",
          "from": "osenv@~0.1.0"
        },
        "path-is-inside": {
          "version": "1.0.1",
          "from": "path-is-inside@1.0.1",
          "resolved": "https://registry.npmjs.org/path-is-inside/-/path-is-inside-1.0.1.tgz"
        },
        "read": {
          "version": "1.0.5",
          "from": "read@latest",
          "dependencies": {
            "mute-stream": {
              "version": "0.0.4",
              "from": "mute-stream@~0.0.4"
            }
          }
        },
        "read-installed": {
          "version": "3.1.3",
          "from": "read-installed@>=3.1.2-0 <3.2.0-0",
          "resolved": "https://registry.npmjs.org/read-installed/-/read-installed-3.1.3.tgz",
          "dependencies": {
            "debuglog": {
              "version": "1.0.1",
              "from": "debuglog@>=1.0.1-0 <2.0.0-0",
              "resolved": "https://registry.npmjs.org/debuglog/-/debuglog-1.0.1.tgz"
            },
            "readdir-scoped-modules": {
              "version": "1.0.1",
              "from": "readdir-scoped-modules@>=1.0.0 <2.0.0"
            },
            "util-extend": {
              "version": "1.0.1",
              "from": "util-extend@>=1.0.1-0 <2.0.0-0",
              "resolved": "https://registry.npmjs.org/util-extend/-/util-extend-1.0.1.tgz"
            }
          }
        },
        "read-package-json": {
          "version": "1.2.7",
          "from": "read-package-json@>=1.2.7-0 <1.3.0-0",
          "resolved": "https://registry.npmjs.org/read-package-json/-/read-package-json-1.2.7.tgz"
        },
        "readable-stream": {
          "version": "1.0.33",
          "from": "readable-stream@>=1.0.33 <1.1.0",
          "resolved": "https://registry.npmjs.org/readable-stream/-/readable-stream-1.0.33.tgz",
          "dependencies": {
            "core-util-is": {
              "version": "1.0.1",
              "from": "core-util-is@>=1.0.0 <1.1.0",
              "resolved": "https://registry.npmjs.org/core-util-is/-/core-util-is-1.0.1.tgz"
            },
            "isarray": {
              "version": "0.0.1",
              "from": "isarray@0.0.1",
              "resolved": "https://registry.npmjs.org/isarray/-/isarray-0.0.1.tgz"
            },
            "string_decoder": {
              "version": "0.10.31",
              "from": "string_decoder@>=0.10.0 <0.11.0",
              "resolved": "https://registry.npmjs.org/string_decoder/-/string_decoder-0.10.31.tgz"
            }
          }
        },
        "realize-package-specifier": {
          "version": "1.2.0",
          "from": "realize-package-specifier@>=1.2.0 <1.3.0",
          "resolved": "https://registry.npmjs.org/realize-package-specifier/-/realize-package-specifier-1.2.0.tgz"
        },
        "request": {
          "version": "2.48.0",
          "from": "request@>=2.48.0 <2.49.0",
          "resolved": "https://registry.npmjs.org/request/-/request-2.48.0.tgz",
          "dependencies": {
            "bl": {
              "version": "0.9.3",
              "from": "bl@>=0.9.0 <0.10.0",
              "resolved": "https://registry.npmjs.org/bl/-/bl-0.9.3.tgz"
            },
            "caseless": {
              "version": "0.7.0",
              "from": "caseless@>=0.7.0 <0.8.0",
              "resolved": "https://registry.npmjs.org/caseless/-/caseless-0.7.0.tgz"
            },
            "forever-agent": {
              "version": "0.5.2",
              "from": "forever-agent@>=0.5.0 <0.6.0",
              "resolved": "https://registry.npmjs.org/forever-agent/-/forever-agent-0.5.2.tgz"
            },
            "form-data": {
              "version": "0.1.4",
              "from": "form-data@>=0.1.0 <0.2.0",
              "resolved": "https://registry.npmjs.org/form-data/-/form-data-0.1.4.tgz",
              "dependencies": {
                "mime": {
                  "version": "1.2.11",
                  "from": "mime@>=1.2.11 <1.3.0",
                  "resolved": "https://registry.npmjs.org/mime/-/mime-1.2.11.tgz"
                },
                "async": {
                  "version": "0.9.0",
                  "from": "async@>=0.9.0 <0.10.0",
                  "resolved": "https://registry.npmjs.org/async/-/async-0.9.0.tgz"
                }
              }
            },
            "json-stringify-safe": {
              "version": "5.0.0",
              "from": "json-stringify-safe@>=5.0.0 <5.1.0",
              "resolved": "https://registry.npmjs.org/json-stringify-safe/-/json-stringify-safe-5.0.0.tgz"
            },
            "mime-types": {
              "version": "1.0.2",
              "from": "mime-types@>=1.0.1 <1.1.0",
              "resolved": "https://registry.npmjs.org/mime-types/-/mime-types-1.0.2.tgz"
            },
            "node-uuid": {
              "version": "1.4.1",
              "from": "node-uuid@>=1.4.0 <1.5.0",
              "resolved": "https://registry.npmjs.org/node-uuid/-/node-uuid-1.4.1.tgz"
            },
            "qs": {
              "version": "2.3.3",
              "from": "qs@>=2.3.1 <2.4.0",
              "resolved": "https://registry.npmjs.org/qs/-/qs-2.3.3.tgz"
            },
            "tunnel-agent": {
              "version": "0.4.0",
              "from": "tunnel-agent@>=0.4.0 <0.5.0",
              "resolved": "https://registry.npmjs.org/tunnel-agent/-/tunnel-agent-0.4.0.tgz"
            },
            "tough-cookie": {
              "version": "0.12.1",
              "from": "tough-cookie@>=0.12.0",
              "resolved": "https://registry.npmjs.org/tough-cookie/-/tough-cookie-0.12.1.tgz",
              "dependencies": {
                "punycode": {
                  "version": "1.3.2",
                  "from": "punycode@>=0.2.0",
                  "resolved": "https://registry.npmjs.org/punycode/-/punycode-1.3.2.tgz"
                }
              }
            },
            "http-signature": {
              "version": "0.10.0",
              "from": "http-signature@>=0.10.0 <0.11.0",
              "resolved": "https://registry.npmjs.org/http-signature/-/http-signature-0.10.0.tgz",
              "dependencies": {
                "assert-plus": {
                  "version": "0.1.2",
                  "from": "assert-plus@0.1.2",
                  "resolved": "https://registry.npmjs.org/assert-plus/-/assert-plus-0.1.2.tgz"
                },
                "asn1": {
                  "version": "0.1.11",
                  "from": "asn1@0.1.11",
                  "resolved": "https://registry.npmjs.org/asn1/-/asn1-0.1.11.tgz"
                },
                "ctype": {
                  "version": "0.5.2",
                  "from": "ctype@0.5.2",
                  "resolved": "https://registry.npmjs.org/ctype/-/ctype-0.5.2.tgz"
                }
              }
            },
            "oauth-sign": {
              "version": "0.5.0",
              "from": "oauth-sign@>=0.5.0 <0.6.0",
              "resolved": "https://registry.npmjs.org/oauth-sign/-/oauth-sign-0.5.0.tgz"
            },
            "hawk": {
              "version": "1.1.1",
              "from": "hawk@1.1.1",
              "resolved": "https://registry.npmjs.org/hawk/-/hawk-1.1.1.tgz",
              "dependencies": {
                "hoek": {
                  "version": "0.9.1",
                  "from": "hoek@>=0.9.0 <0.10.0",
                  "resolved": "https://registry.npmjs.org/hoek/-/hoek-0.9.1.tgz"
                },
                "boom": {
                  "version": "0.4.2",
                  "from": "boom@>=0.4.0 <0.5.0",
                  "resolved": "https://registry.npmjs.org/boom/-/boom-0.4.2.tgz"
                },
                "cryptiles": {
                  "version": "0.2.2",
                  "from": "cryptiles@>=0.2.0 <0.3.0",
                  "resolved": "https://registry.npmjs.org/cryptiles/-/cryptiles-0.2.2.tgz"
                },
                "sntp": {
                  "version": "0.2.4",
                  "from": "sntp@>=0.2.0 <0.3.0",
                  "resolved": "https://registry.npmjs.org/sntp/-/sntp-0.2.4.tgz"
                }
              }
            },
            "aws-sign2": {
              "version": "0.5.0",
              "from": "aws-sign2@>=0.5.0 <0.6.0",
              "resolved": "https://registry.npmjs.org/aws-sign2/-/aws-sign2-0.5.0.tgz"
            },
            "stringstream": {
              "version": "0.0.4",
              "from": "stringstream@>=0.0.4 <0.1.0",
              "resolved": "https://registry.npmjs.org/stringstream/-/stringstream-0.0.4.tgz"
            },
            "combined-stream": {
              "version": "0.0.7",
              "from": "combined-stream@>=0.0.5 <0.1.0",
              "resolved": "https://registry.npmjs.org/combined-stream/-/combined-stream-0.0.7.tgz",
              "dependencies": {
                "delayed-stream": {
                  "version": "0.0.5",
                  "from": "delayed-stream@0.0.5",
                  "resolved": "https://registry.npmjs.org/delayed-stream/-/delayed-stream-0.0.5.tgz"
                }
              }
            }
          }
        },
        "retry": {
          "version": "0.6.1",
          "from": "retry@>=0.6.1 <0.7.0",
          "resolved": "https://registry.npmjs.org/retry/-/retry-0.6.1.tgz"
        },
        "rimraf": {
          "version": "2.2.8",
          "from": "rimraf@latest",
          "resolved": "https://registry.npmjs.org/rimraf/-/rimraf-2.2.8.tgz"
        },
        "semver": {
          "version": "4.1.0",
          "from": "semver@>=4.1.0 <5.0.0",
          "resolved": "https://registry.npmjs.org/semver/-/semver-4.1.0.tgz"
        },
        "sha": {
          "version": "1.3.0",
          "from": "sha@>=1.3.0 <1.4.0",
          "resolved": "https://registry.npmjs.org/sha/-/sha-1.3.0.tgz",
          "dependencies": {
            "readable-stream": {
              "version": "1.1.13",
              "from": "readable-stream@>=1.1.0 <1.2.0",
              "resolved": "https://registry.npmjs.org/readable-stream/-/readable-stream-1.1.13.tgz",
              "dependencies": {
                "core-util-is": {
                  "version": "1.0.1",
                  "from": "core-util-is@>=1.0.0 <1.1.0",
                  "resolved": "https://registry.npmjs.org/core-util-is/-/core-util-is-1.0.1.tgz"
                },
                "isarray": {
                  "version": "0.0.1",
                  "from": "isarray@0.0.1",
                  "resolved": "https://registry.npmjs.org/isarray/-/isarray-0.0.1.tgz"
                },
                "string_decoder": {
                  "version": "0.10.31",
                  "from": "string_decoder@>=0.10.0 <0.11.0",
                  "resolved": "https://registry.npmjs.org/string_decoder/-/string_decoder-0.10.31.tgz"
                }
              }
            }
          }
        },
        "slide": {
          "version": "1.1.6",
          "from": "slide@>=1.1.6 <1.2.0",
          "resolved": "https://registry.npmjs.org/slide/-/slide-1.1.6.tgz"
        },
        "sorted-object": {
          "version": "1.0.0",
          "from": "sorted-object@"
        },
        "tar": {
          "version": "1.0.2",
          "from": "tar@>=1.0.2 <1.1.0",
          "resolved": "https://registry.npmjs.org/tar/-/tar-1.0.2.tgz"
        },
        "text-table": {
          "version": "0.2.0",
          "from": "text-table@~0.2.0"
        },
        "uid-number": {
          "version": "0.0.6",
          "from": "uid-number@>=0.0.6 <0.1.0",
          "resolved": "https://registry.npmjs.org/uid-number/-/uid-number-0.0.6.tgz"
        },
        "which": {
          "version": "1.0.5",
          "from": "which@1"
        },
        "wrappy": {
          "version": "1.0.1",
          "from": "wrappy@1.0.1",
          "resolved": "https://registry.npmjs.org/wrappy/-/wrappy-1.0.1.tgz"
        },
        "write-file-atomic": {
          "version": "1.1.0",
          "from": "write-file-atomic@>=1.1.0 <2.0.0",
          "resolved": "https://registry.npmjs.org/write-file-atomic/-/write-file-atomic-1.1.0.tgz"
        }
      }
    },
    "optimist": {
      "version": "0.6.1",
      "from": "https://registry.npmjs.org/optimist/-/optimist-0.6.1.tgz",
      "resolved": "https://registry.npmjs.org/optimist/-/optimist-0.6.1.tgz",
      "dependencies": {
        "wordwrap": {
          "version": "0.0.2",
          "from": "https://registry.npmjs.org/wordwrap/-/wordwrap-0.0.2.tgz",
          "resolved": "https://registry.npmjs.org/wordwrap/-/wordwrap-0.0.2.tgz"
        },
        "minimist": {
          "version": "0.0.10",
          "from": "minimist@0.0.10",
          "resolved": "https://registry.npmjs.org/minimist/-/minimist-0.0.10.tgz"
        }
      }
    },
    "posix": {
      "version": "1.0.4",
      "from": "https://registry.npmjs.org/posix/-/posix-1.0.4.tgz",
      "resolved": "https://registry.npmjs.org/posix/-/posix-1.0.4.tgz"
    },
    "q": {
      "version": "1.0.1",
      "from": "q@1.0.1",
      "resolved": "https://registry.npmjs.org/q/-/q-1.0.1.tgz"
    },
    "rimraf": {
      "version": "2.2.8",
      "from": "rimraf@2.2.8",
      "resolved": "https://registry.npmjs.org/rimraf/-/rimraf-2.2.8.tgz"
    },
    "shelljs": {
      "version": "0.3.0",
      "from": "shelljs@0.3.0",
      "resolved": "https://registry.npmjs.org/shelljs/-/shelljs-0.3.0.tgz"
    },
    "underscore": {
      "version": "1.6.0",
      "from": "underscore@1.6.0",
      "resolved": "https://registry.npmjs.org/underscore/-/underscore-1.6.0.tgz"
    },
    "underscore.string": {
      "version": "2.3.3",
      "from": "https://registry.npmjs.org/underscore.string/-/underscore.string-2.3.3.tgz",
      "resolved": "https://registry.npmjs.org/underscore.string/-/underscore.string-2.3.3.tgz"
    },
    "yamljs": {
      "version": "0.2.4",
      "from": "yamljs@",
      "resolved": "https://registry.npmjs.org/yamljs/-/yamljs-0.2.4.tgz",
      "dependencies": {
        "argparse": {
          "version": "0.1.16",
          "from": "argparse@^0.1.15",
          "resolved": "https://registry.npmjs.org/argparse/-/argparse-0.1.16.tgz",
          "dependencies": {
            "underscore": {
              "version": "1.7.0",
              "from": "underscore@~1.7.0",
              "resolved": "https://registry.npmjs.org/underscore/-/underscore-1.7.0.tgz"
            },
            "underscore.string": {
              "version": "2.4.0",
              "from": "underscore.string@~2.4.0",
              "resolved": "https://registry.npmjs.org/underscore.string/-/underscore.string-2.4.0.tgz"
            }
          }
        },
        "glob": {
          "version": "4.5.3",
          "from": "glob@^4.0.0",
          "resolved": "https://registry.npmjs.org/glob/-/glob-4.5.3.tgz",
          "dependencies": {
            "inflight": {
              "version": "1.0.4",
              "from": "inflight@^1.0.4",
              "resolved": "https://registry.npmjs.org/inflight/-/inflight-1.0.4.tgz",
              "dependencies": {
                "wrappy": {
                  "version": "1.0.1",
                  "from": "wrappy@1",
                  "resolved": "https://registry.npmjs.org/wrappy/-/wrappy-1.0.1.tgz"
                }
              }
            },
            "inherits": {
              "version": "2.0.1",
              "from": "inherits@2",
              "resolved": "https://registry.npmjs.org/inherits/-/inherits-2.0.1.tgz"
            },
            "minimatch": {
              "version": "2.0.10",
              "from": "minimatch@^2.0.1",
              "resolved": "https://registry.npmjs.org/minimatch/-/minimatch-2.0.10.tgz",
              "dependencies": {
                "brace-expansion": {
                  "version": "1.1.1",
                  "from": "brace-expansion@^1.0.0",
                  "resolved": "https://registry.npmjs.org/brace-expansion/-/brace-expansion-1.1.1.tgz",
                  "dependencies": {
                    "balanced-match": {
                      "version": "0.2.0",
                      "from": "balanced-match@^0.2.0",
                      "resolved": "https://registry.npmjs.org/balanced-match/-/balanced-match-0.2.0.tgz"
                    },
                    "concat-map": {
                      "version": "0.0.1",
                      "from": "concat-map@0.0.1",
                      "resolved": "https://registry.npmjs.org/concat-map/-/concat-map-0.0.1.tgz"
                    }
                  }
                }
              }
            },
            "once": {
              "version": "1.3.2",
              "from": "once@^1.3.0",
              "resolved": "https://registry.npmjs.org/once/-/once-1.3.2.tgz",
              "dependencies": {
                "wrappy": {
                  "version": "1.0.1",
                  "from": "wrappy@1",
                  "resolved": "https://registry.npmjs.org/wrappy/-/wrappy-1.0.1.tgz"
                }
              }
            }
          }
        }
      }
    }
  }
}
