{
  "name": "webmenu",
  "version": "0.2.2",
  "dependencies": {
    "coffee-script": {
      "version": "1.3.3"
    },
    "underscore": {
      "version": "1.4.3"
    },
    "optimist": {
      "version": "0.3.4",
      "dependencies": {
        "wordwrap": {
          "version": "0.0.2"
        }
      }
    },
    "ini": {
      "version": "1.0.5"
    },
    "mkdirp": {
      "version": "0.3.4"
    },
    "posix": {
      "version": "0.0.10"
    },
    "clim": {
      "version": "1.0.0"
    },
    "rimraf": {
      "version": "2.0.2",
      "dependencies": {
        "graceful-fs": {
          "version": "1.1.14"
        }
      }
    },
    "mime": {
      "version": "1.2.7"
    },
    "ffi": {
      "version": "1.2.0",
      "dependencies": {
        "bindings": {
          "version": "1.0.0"
        },
        "debug": {
          "version": "0.7.0"
        },
        "ref": {
          "version": "0.1.3"
        },
        "ref-struct": {
          "version": "0.0.4"
        }
      }
    },
    "dbus-native": {
      "version": "0.0.8",
      "dependencies": {
        "binary": {
          "version": "0.2.0",
          "dependencies": {
            "chainsaw": {
              "version": "0.1.0",
              "dependencies": {
                "traverse": {
                  "version": "0.3.9"
                }
              }
            },
            "buffers": {
              "version": "0.1.1"
            }
          }
        },
        "byline": {
          "version": "2.0.3"
        },
        "put": {
          "version": "0.0.6"
        },
        "abstractsocket": {
          "version": "0.0.2",
          "dependencies": {
            "exec_stream": {
              "version": "0.0.3"
            }
          }
        },
        "xml2js": {
          "version": "0.1.14",
          "dependencies": {
            "sax": {
              "version": "0.5.1"
            }
          }
        }
      }
    },
    "requirejs": {
      "version": "2.0.6"
    },
    "nib": {
      "version": "0.8.2"
    },
    "grunt-stylus": {
      "version": "0.2.0"
    },
    "chai": {
      "version": "1.4.0"
    },
    "stylus": {
      "version": "0.30.1",
      "dependencies": {
        "cssom": {
          "version": "0.2.5"
        },
        "debug": {
          "version": "0.7.0"
        }
      }
    },
    "node-static": {
      "version": "0.6.5",
      "dependencies": {
        "colors": {
          "version": "0.6.0-1"
        }
      }
    },
    "yalr": {
      "version": "1.0.5",
      "dependencies": {
        "optimist": {
          "version": "0.3.5",
          "dependencies": {
            "wordwrap": {
              "version": "0.0.2"
            }
          }
        },
        "underscore": {
          "version": "1.4.2"
        },
        "watchr": {
          "version": "2.1.5",
          "dependencies": {
            "bal-util": {
              "version": "1.13.13"
            }
          }
        },
        "ws": {
          "version": "0.4.22",
          "dependencies": {
            "commander": {
              "version": "0.6.1"
            },
            "tinycolor": {
              "version": "0.0.1"
            },
            "options": {
              "version": "0.0.3"
            }
          }
        },
        "filed": {
          "version": "0.0.7"
        },
        "minimatch": {
          "version": "0.2.9",
          "dependencies": {
            "lru-cache": {
              "version": "2.0.4"
            },
            "sigmund": {
              "version": "1.0.0"
            }
          }
        },
        "marked": {
          "version": "0.2.5"
        }
      }
    },
    "mocha": {
      "version": "1.7.4",
      "dependencies": {
        "commander": {
          "version": "0.6.1"
        },
        "growl": {
          "version": "1.6.1"
        },
        "jade": {
          "version": "0.26.3",
          "dependencies": {
            "mkdirp": {
              "version": "0.3.0"
            }
          }
        },
        "diff": {
          "version": "1.0.2"
        },
        "debug": {
          "version": "0.7.0"
        },
        "mkdirp": {
          "version": "0.3.3"
        },
        "ms": {
          "version": "0.3.0"
        }
      }
    },
    "nw-gyp": {
      "version": "0.7.3-4",
      "dependencies": {
        "glob": {
          "version": "3.1.17",
          "dependencies": {
            "inherits": {
              "version": "1.0.0"
            }
          }
        },
        "graceful-fs": {
          "version": "1.1.14"
        },
        "fstream": {
          "version": "0.1.21",
          "dependencies": {
            "inherits": {
              "version": "1.0.0"
            }
          }
        },
        "minimatch": {
          "version": "0.2.9",
          "dependencies": {
            "lru-cache": {
              "version": "2.0.4"
            },
            "sigmund": {
              "version": "1.0.0"
            }
          }
        },
        "nopt": {
          "version": "2.1.1",
          "dependencies": {
            "abbrev": {
              "version": "1.0.4"
            }
          }
        },
        "npmlog": {
          "version": "0.0.2",
          "dependencies": {
            "ansi": {
              "version": "0.1.2"
            }
          }
        },
        "osenv": {
          "version": "0.0.3"
        },
        "request": {
          "version": "2.9.203"
        },
        "semver": {
          "version": "1.1.2"
        },
        "tar": {
          "version": "0.1.14",
          "dependencies": {
            "inherits": {
              "version": "1.0.0"
            },
            "block-stream": {
              "version": "0.0.6"
            }
          }
        },
        "which": {
          "version": "1.0.5"
        }
      }
    },
    "grunt-mocha": {
      "version": "0.1.7",
      "dependencies": {
        "temporary": {
          "version": "0.0.5",
          "dependencies": {
            "package": {
              "version": "1.0.1"
            }
          }
        },
        "growl": {
          "version": "1.6.1"
        }
      }
    },
    "serve": {
      "version": "1.1.0",
      "dependencies": {
        "connect": {
          "version": "2.3.9",
          "dependencies": {
            "qs": {
              "version": "0.4.2"
            },
            "formidable": {
              "version": "1.0.11"
            },
            "crc": {
              "version": "0.2.0"
            },
            "cookie": {
              "version": "0.0.4"
            },
            "bytes": {
              "version": "0.1.0"
            },
            "send": {
              "version": "0.0.3",
              "dependencies": {
                "mime": {
                  "version": "1.2.6"
                },
                "range-parser": {
                  "version": "0.0.4"
                }
              }
            },
            "fresh": {
              "version": "0.1.0"
            },
            "debug": {
              "version": "0.7.0"
            }
          }
        },
        "jade": {
          "version": "0.27.7",
          "dependencies": {
            "coffee-script": {
              "version": "1.4.0"
            }
          }
        },
        "commander": {
          "version": "0.6.1"
        }
      }
    },
    "grunt-contrib-yuidoc": {
      "version": "0.3.2",
      "dependencies": {
        "yuidocjs": {
          "version": "0.3.35",
          "dependencies": {
            "yui": {
              "version": "3.8.0pr2",
              "dependencies": {
                "request": {
                  "version": "2.9.202"
                }
              }
            },
            "node-markdown": {
              "version": "0.1.1"
            },
            "minimatch": {
              "version": "0.1.5",
              "dependencies": {
                "lru-cache": {
                  "version": "1.0.6"
                }
              }
            },
            "graceful-fs": {
              "version": "1.1.14"
            },
            "express": {
              "version": "2.5.11",
              "dependencies": {
                "connect": {
                  "version": "1.9.2",
                  "dependencies": {
                    "formidable": {
                      "version": "1.0.11"
                    }
                  }
                },
                "mime": {
                  "version": "1.2.4"
                },
                "qs": {
                  "version": "0.4.2"
                },
                "mkdirp": {
                  "version": "0.3.0"
                }
              }
            }
          }
        },
        "grunt-lib-contrib": {
          "version": "0.3.1"
        }
      }
    },
    "grunt": {
      "version": "0.3.17",
      "dependencies": {
        "async": {
          "version": "0.1.22"
        },
        "colors": {
          "version": "0.6.0-1"
        },
        "connect": {
          "version": "2.4.6",
          "dependencies": {
            "qs": {
              "version": "0.5.1"
            },
            "formidable": {
              "version": "1.0.11"
            },
            "crc": {
              "version": "0.2.0"
            },
            "cookie": {
              "version": "0.0.4"
            },
            "bytes": {
              "version": "0.1.0"
            },
            "send": {
              "version": "0.0.4",
              "dependencies": {
                "mime": {
                  "version": "1.2.6"
                },
                "range-parser": {
                  "version": "0.0.4"
                }
              }
            },
            "fresh": {
              "version": "0.1.0"
            },
            "pause": {
              "version": "0.0.1"
            },
            "debug": {
              "version": "0.7.0"
            }
          }
        },
        "dateformat": {
          "version": "1.0.2-1.2.3"
        },
        "glob-whatev": {
          "version": "0.1.8",
          "dependencies": {
            "minimatch": {
              "version": "0.2.9",
              "dependencies": {
                "lru-cache": {
                  "version": "2.0.4"
                },
                "sigmund": {
                  "version": "1.0.0"
                }
              }
            }
          }
        },
        "hooker": {
          "version": "0.2.3"
        },
        "jshint": {
          "version": "0.9.1",
          "dependencies": {
            "cli": {
              "version": "0.4.3",
              "dependencies": {
                "glob": {
                  "version": "3.1.14",
                  "dependencies": {
                    "minimatch": {
                      "version": "0.2.9",
                      "dependencies": {
                        "lru-cache": {
                          "version": "2.0.4"
                        },
                        "sigmund": {
                          "version": "1.0.0"
                        }
                      }
                    },
                    "graceful-fs": {
                      "version": "1.1.14"
                    },
                    "inherits": {
                      "version": "1.0.0"
                    }
                  }
                }
              }
            },
            "minimatch": {
              "version": "0.0.5",
              "dependencies": {
                "lru-cache": {
                  "version": "1.0.6"
                }
              }
            }
          }
        },
        "nodeunit": {
          "version": "0.7.4",
          "dependencies": {
            "tap": {
              "version": "0.3.3",
              "dependencies": {
                "inherits": {
                  "version": "1.0.0"
                },
                "yamlish": {
                  "version": "0.0.5"
                },
                "slide": {
                  "version": "1.1.3"
                },
                "runforcover": {
                  "version": "0.0.2",
                  "dependencies": {
                    "bunker": {
                      "version": "0.1.2",
                      "dependencies": {
                        "burrito": {
                          "version": "0.2.12",
                          "dependencies": {
                            "traverse": {
                              "version": "0.5.2"
                            },
                            "uglify-js": {
                              "version": "1.1.1"
                            }
                          }
                        }
                      }
                    }
                  }
                },
                "nopt": {
                  "version": "2.0.0",
                  "dependencies": {
                    "abbrev": {
                      "version": "1.0.3"
                    }
                  }
                },
                "difflet": {
                  "version": "0.2.3",
                  "dependencies": {
                    "traverse": {
                      "version": "0.6.3"
                    },
                    "charm": {
                      "version": "0.0.8"
                    }
                  }
                },
                "deep-equal": {
                  "version": "0.0.0"
                },
                "buffer-equal": {
                  "version": "0.0.0"
                }
              }
            }
          }
        },
        "nopt": {
          "version": "1.0.10",
          "dependencies": {
            "abbrev": {
              "version": "1.0.3"
            }
          }
        },
        "prompt": {
          "version": "0.1.12",
          "dependencies": {
            "pkginfo": {
              "version": "0.2.3"
            },
            "winston": {
              "version": "0.5.11",
              "dependencies": {
                "eyes": {
                  "version": "0.1.8"
                },
                "loggly": {
                  "version": "0.3.11",
                  "dependencies": {
                    "request": {
                      "version": "2.9.203"
                    },
                    "timespan": {
                      "version": "2.2.0"
                    }
                  }
                },
                "stack-trace": {
                  "version": "0.0.6"
                }
              }
            }
          }
        },
        "semver": {
          "version": "1.0.14"
        },
        "uglify-js": {
          "version": "1.3.4"
        },
        "underscore": {
          "version": "1.2.4"
        },
        "underscore.string": {
          "version": "2.1.1"
        },
        "temporary": {
          "version": "0.0.5",
          "dependencies": {
            "package": {
              "version": "1.0.1"
            }
          }
        },
        "gzip-js": {
          "version": "0.3.1",
          "dependencies": {
            "crc32": {
              "version": "0.2.2"
            },
            "deflate-js": {
              "version": "0.2.2"
            }
          }
        }
      }
    }
  }
}
