{
  "name": "puavo-logrelay",
  "version": "2.0.0",
  "dependencies": {
    "coffee-script": {
      "version": "1.6.2"
    },
    "request": {
      "version": "2.12.0",
      "dependencies": {
        "form-data": {
          "version": "0.0.3",
          "dependencies": {
            "combined-stream": {
              "version": "0.0.3",
              "dependencies": {
                "delayed-stream": {
                  "version": "0.0.5"
                }
              }
            },
            "async": {
              "version": "0.1.9"
            }
          }
        },
        "mime": {
          "version": "1.2.7"
        }
      }
    },
    "json-stream": {
      "version": "0.1.2"
    },
    "underscore": {
      "version": "1.4.3"
    },
    "clim": {
      "version": "1.0.0"
    },
    "chai": {
      "version": "1.4.2"
    },
    "mocha": {
      "version": "1.8.1",
      "dependencies": {
        "commander": {
          "version": "0.6.1"
        },
        "growl": {
          "version": "1.7.0"
        },
        "jade": {
          "version": "0.26.3",
          "dependencies": {
            "mkdirp": {
              "version": "0.3.0"
            }
          }
        },
        "diff": {
          "version": "1.0.2"
        },
        "debug": {
          "version": "0.7.0"
        },
        "mkdirp": {
          "version": "0.3.3"
        },
        "ms": {
          "version": "0.3.0"
        }
      }
    }
  }
}
